
Microsoft Visual Studio Solution File, Format Version 12.00
# Visual Studio Version 17
VisualStudioVersion = 17.3.32825.248
MinimumVisualStudioVersion = 10.0.40219.1
Project("{FAE04EC0-301F-11D3-BF4B-00C04F79EFBC}") = "Connectivity_Pro", "Connectivity_Pro\Connectivity_Pro.csproj", "{701A355E-C86F-4825-BDFA-5103FC4BDB67}"
EndProject
Global
	GlobalSection(SolutionConfigurationPlatforms) = preSolution
		Debug|Any CPU = Debug|Any CPU
		Release|Any CPU = Release|Any CPU
	EndGlobalSection
	GlobalSection(ProjectConfigurationPlatforms) = postSolution
		{701A355E-C86F-4825-BDFA-5103FC4BDB67}.Debug|Any CPU.ActiveCfg = Debug|Any CPU
		{701A355E-C86F-4825-BDFA-5103FC4BDB67}.Debug|Any CPU.Build.0 = Debug|Any CPU
		{701A355E-C86F-4825-BDFA-5103FC4BDB67}.Release|Any CPU.ActiveCfg = Release|Any CPU
		{701A355E-C86F-4825-BDFA-5103FC4BDB67}.Release|Any CPU.Build.0 = Release|Any CPU
	EndGlobalSection
	GlobalSection(SolutionProperties) = preSolution
		HideSolutionNode = FALSE
	EndGlobalSection
	GlobalSection(ExtensibilityGlobals) = postSolution
		SolutionGuid = {D65E3E4D-0AFC-4102-8BCF-BA7DB9355EC5}
	EndGlobalSection
EndGlobal
